{
	"name": "bbg",
	"version": "1.0.0",
	"lockfileVersion": 3,
	"requires": true,
	"packages": {
		"": {
			"name": "bbg",
			"version": "1.0.0",
			"license": "ISC",
			"dependencies": {
				"@tsconfig/node-lts": "^20.1.3"
			},
			"devDependencies": {
				"@types/node": "^22.5.3",
				"typescript": "^5.6.3"
			}
		},
		"node_modules/@tsconfig/node-lts": {
			"version": "20.1.3",
			"resolved": "https://registry.npmjs.org/@tsconfig/node-lts/-/node-lts-20.1.3.tgz",
			"integrity": "sha512-m3b7EP2U+h5tNSpaBMfcTuHmHn04wrgRPQQrfKt75YIPq6kPs2153/KfPHdqkEWGx5pEBvS6rnvToT+yTtC1iw==",
			"license": "MIT"
		},
		"node_modules/@types/node": {
			"version": "22.7.5",
			"resolved": "https://registry.npmjs.org/@types/node/-/node-22.7.5.tgz",
			"integrity": "sha512-jML7s2NAzMWc//QSJ1a3prpk78cOPchGvXJsC3C6R6PSMoooztvRVQEz89gmBTBY1SPMaqo5teB4uNHPdetShQ==",
			"dev": true,
			"license": "MIT",
			"dependencies": {
				"undici-types": "~6.19.2"
			}
		},
		"node_modules/typescript": {
			"version": "5.6.3",
			"resolved": "https://registry.npmjs.org/typescript/-/typescript-5.6.3.tgz",
			"integrity": "sha512-hjcS1mhfuyi4WW8IWtjP7brDrG2cuDZukyrYrSauoXGNgx0S7zceP07adYkJycEr56BOUTNPzbInooiN3fn1qw==",
			"dev": true,
			"license": "Apache-2.0",
			"bin": {
				"tsc": "bin/tsc",
				"tsserver": "bin/tsserver"
			},
			"engines": {
				"node": ">=14.17"
			}
		},
		"node_modules/undici-types": {
			"version": "6.19.8",
			"resolved": "https://registry.npmjs.org/undici-types/-/undici-types-6.19.8.tgz",
			"integrity": "sha512-ve2KP6f/JnbPBFyobGHuerC9g1FYGn/F8n1LWTwNxCEzd6IfqTwUQcNXgEtmmQ6DlRrC1hrSrBnCZPokRrDHjw==",
			"dev": true,
			"license": "MIT"
		}
	}
}
